<?xml version="1.0" encoding="utf-8"?>
<Project ToolsVersion="4.0" xmlns="http://schemas.microsoft.com/developer/msbuild/2003">
  <ItemGroup>
    <Filter Include="Source Files">
      <UniqueIdentifier>{4FC737F1-C7A5-4376-A066-2A32D752A2FF}</UniqueIdentifier>
      <Extensions>cpp;c;cc;cxx;c++;cppm;ixx;def;odl;idl;hpj;bat;asm;asmx</Extensions>
    </Filter>
    <Filter Include="Header Files">
      <UniqueIdentifier>{93995380-89BD-4b04-88EB-625FBE52EBFB}</UniqueIdentifier>
      <Extensions>h;hh;hpp;hxx;h++;hm;inl;inc;ipp;xsd</Extensions>
    </Filter>
    <Filter Include="Resource Files">
      <UniqueIdentifier>{67DA6AB6-F800-4c08-8B7A-83BB121AAD01}</UniqueIdentifier>
      <Extensions>rc;ico;cur;bmp;dlg;rc2;rct;bin;rgs;gif;jpg;jpeg;jpe;resx;tiff;tif;png;wav;mfcribbon-ms</Extensions>
    </Filter>
    <Filter Include="Header Files\Builder">
      <UniqueIdentifier>{ea49d1b2-8655-431c-a32e-451b2c986ba8}</UniqueIdentifier>
    </Filter>
    <Filter Include="Header Files\Builder\Builder Facade">
      <UniqueIdentifier>{69915e84-d5d9-46b8-ae44-eaa450fd5037}</UniqueIdentifier>
    </Filter>
    <Filter Include="Header Files\Builder\Builder Facade\Headers">
      <UniqueIdentifier>{8eb869ee-b50f-4a20-811d-4fa52edf4261}</UniqueIdentifier>
    </Filter>
    <Filter Include="Header Files\Builder\Builder Facade\Sources">
      <UniqueIdentifier>{2f1367b2-bf1e-42c9-8380-fbca61952448}</UniqueIdentifier>
    </Filter>
  </ItemGroup>
  <ItemGroup>
    <ClInclude Include="framework.h">
      <Filter>Header Files</Filter>
    </ClInclude>
    <ClInclude Include="pch.h">
      <Filter>Header Files</Filter>
    </ClInclude>
    <ClInclude Include="functions.h">
      <Filter>Header Files</Filter>
    </ClInclude>
    <ClInclude Include="Person.h">
      <Filter>Header Files\Builder\Builder Facade\Headers</Filter>
    </ClInclude>
    <ClInclude Include="PersonAddressBuilder.h">
      <Filter>Header Files\Builder\Builder Facade\Headers</Filter>
    </ClInclude>
    <ClInclude Include="PersonBuilder.h">
      <Filter>Header Files\Builder\Builder Facade\Headers</Filter>
    </ClInclude>
    <ClInclude Include="PersonBuilderBase.h">
      <Filter>Header Files\Builder\Builder Facade\Headers</Filter>
    </ClInclude>
    <ClInclude Include="PersonJobBuilder.h">
      <Filter>Header Files\Builder\Builder Facade\Headers</Filter>
    </ClInclude>
    <ClInclude Include="GroovyBuilder.h">
      <Filter>Header Files\Builder</Filter>
    </ClInclude>
    <ClInclude Include="Builder.h">
      <Filter>Header Files\Builder</Filter>
    </ClInclude>
  </ItemGroup>
  <ItemGroup>
    <ClCompile Include="CreationalPatterns.cpp">
      <Filter>Source Files</Filter>
    </ClCompile>
    <ClCompile Include="pch.cpp">
      <Filter>Source Files</Filter>
    </ClCompile>
    <ClCompile Include="BuilderFacade.h">
      <Filter>Header Files\Builder\Builder Facade</Filter>
    </ClCompile>
    <ClCompile Include="Person.cpp">
      <Filter>Header Files\Builder\Builder Facade\Sources</Filter>
    </ClCompile>
    <ClCompile Include="PersonBuilderBase.cpp">
      <Filter>Header Files\Builder\Builder Facade\Sources</Filter>
    </ClCompile>
  </ItemGroup>
</Project>